// !$*UTF8*$!
{
	archiveVersion = 1;
	classes = {
	};
	objectVersion = 50;
	objects = {

/* Begin PBXBuildFile section */
		B52B3841229D7ECB00AD100C /* main.swift in Sources */ = {isa = PBXBuildFile; fileRef = B52B3840229D7ECB00AD100C /* main.swift */; };
		B59E9589229D87E50023787C /* Post.swift in Sources */ = {isa = PBXBuildFile; fileRef = B59E9588229D87E50023787C /* Post.swift */; };
		B59E958B229D8F300023787C /* Feed.swift in Sources */ = {isa = PBXBuildFile; fileRef = B59E958A229D8F300023787C /* Feed.swift */; };
		B59E958E229D8F5F0023787C /* TextPost.swift in Sources */ = {isa = PBXBuildFile; fileRef = B59E958D229D8F5F0023787C /* TextPost.swift */; };
		B59E9590229D8F7A0023787C /* ImagePost.swift in Sources */ = {isa = PBXBuildFile; fileRef = B59E958F229D8F7A0023787C /* ImagePost.swift */; };
		B59E9592229D96020023787C /* VideoPost.swift in Sources */ = {isa = PBXBuildFile; fileRef = B59E9591229D96020023787C /* VideoPost.swift */; };
/* End PBXBuildFile section */

/* Begin PBXCopyFilesBuildPhase section */
		B52B383B229D7ECB00AD100C /* CopyFiles */ = {
			isa = PBXCopyFilesBuildPhase;
			buildActionMask = 2147483647;
			dstPath = /usr/share/man/man1/;
			dstSubfolderSpec = 0;
			files = (
			);
			runOnlyForDeploymentPostprocessing = 1;
		};
/* End PBXCopyFilesBuildPhase section */

/* Begin PBXFileReference section */
		B52B383D229D7ECB00AD100C /* DecodingHeterogeneousArrays */ = {isa = PBXFileReference; explicitFileType = "compiled.mach-o.executable"; includeInIndex = 0; path = DecodingHeterogeneousArrays; sourceTree = BUILT_PRODUCTS_DIR; };
		B52B3840229D7ECB00AD100C /* main.swift */ = {isa = PBXFileReference; lastKnownFileType = sourcecode.swift; path = main.swift; sourceTree = "<group>"; };
		B59E9588229D87E50023787C /* Post.swift */ = {isa = PBXFileReference; lastKnownFileType = sourcecode.swift; path = Post.swift; sourceTree = "<group>"; };
		B59E958A229D8F300023787C /* Feed.swift */ = {isa = PBXFileReference; lastKnownFileType = sourcecode.swift; path = Feed.swift; sourceTree = "<group>"; };
		B59E958D229D8F5F0023787C /* TextPost.swift */ = {isa = PBXFileReference; lastKnownFileType = sourcecode.swift; path = TextPost.swift; sourceTree = "<group>"; };
		B59E958F229D8F7A0023787C /* ImagePost.swift */ = {isa = PBXFileReference; lastKnownFileType = sourcecode.swift; path = ImagePost.swift; sourceTree = "<group>"; };
		B59E9591229D96020023787C /* VideoPost.swift */ = {isa = PBXFileReference; lastKnownFileType = sourcecode.swift; path = VideoPost.swift; sourceTree = "<group>"; };
/* End PBXFileReference section */

/* Begin PBXFrameworksBuildPhase section */
		B52B383A229D7ECB00AD100C /* Frameworks */ = {
			isa = PBXFrameworksBuildPhase;
			buildActionMask = 2147483647;
			files = (
			);
			runOnlyForDeploymentPostprocessing = 0;
		};
/* End PBXFrameworksBuildPhase section */

/* Begin PBXGroup section */
		B52B3834229D7ECB00AD100C = {
			isa = PBXGroup;
			children = (
				B52B383F229D7ECB00AD100C /* DecodingHeterogeneousArrays */,
				B52B383E229D7ECB00AD100C /* Products */,
			);
			sourceTree = "<group>";
		};
		B52B383E229D7ECB00AD100C /* Products */ = {
			isa = PBXGroup;
			children = (
				B52B383D229D7ECB00AD100C /* DecodingHeterogeneousArrays */,
			);
			name = Products;
			sourceTree = "<group>";
		};
		B52B383F229D7ECB00AD100C /* DecodingHeterogeneousArrays */ = {
			isa = PBXGroup;
			children = (
				B59E958C229D8F420023787C /* Models */,
				B52B3840229D7ECB00AD100C /* main.swift */,
			);
			path = DecodingHeterogeneousArrays;
			sourceTree = "<group>";
		};
		B59E958C229D8F420023787C /* Models */ = {
			isa = PBXGroup;
			children = (
				B59E958A229D8F300023787C /* Feed.swift */,
				B59E9588229D87E50023787C /* Post.swift */,
				B59E958D229D8F5F0023787C /* TextPost.swift */,
				B59E958F229D8F7A0023787C /* ImagePost.swift */,
				B59E9591229D96020023787C /* VideoPost.swift */,
			);
			path = Models;
			sourceTree = "<group>";
		};
/* End PBXGroup section */

/* Begin PBXNativeTarget section */
		B52B383C229D7ECB00AD100C /* DecodingHeterogeneousArrays */ = {
			isa = PBXNativeTarget;
			buildConfigurationList = B52B3844229D7ECB00AD100C /* Build configuration list for PBXNativeTarget "DecodingHeterogeneousArrays" */;
			buildPhases = (
				B52B3839229D7ECB00AD100C /* Sources */,
				B52B383A229D7ECB00AD100C /* Frameworks */,
				B52B383B229D7ECB00AD100C /* CopyFiles */,
			);
			buildRules = (
			);
			dependencies = (
			);
			name = DecodingHeterogeneousArrays;
			productName = DecodingHeterogeneousArrays;
			productReference = B52B383D229D7ECB00AD100C /* DecodingHeterogeneousArrays */;
			productType = "com.apple.product-type.tool";
		};
/* End PBXNativeTarget section */

/* Begin PBXProject section */
		B52B3835229D7ECB00AD100C /* Project object */ = {
			isa = PBXProject;
			attributes = {
				LastSwiftUpdateCheck = 1020;
				LastUpgradeCheck = 1020;
				ORGANIZATIONNAME = "Fickle Bits, LLC";
				TargetAttributes = {
					B52B383C229D7ECB00AD100C = {
						CreatedOnToolsVersion = 10.2.1;
					};
				};
			};
			buildConfigurationList = B52B3838229D7ECB00AD100C /* Build configuration list for PBXProject "DecodingHeterogeneousArrays" */;
			compatibilityVersion = "Xcode 9.3";
			developmentRegion = en;
			hasScannedForEncodings = 0;
			knownRegions = (
				en,
			);
			mainGroup = B52B3834229D7ECB00AD100C;
			productRefGroup = B52B383E229D7ECB00AD100C /* Products */;
			projectDirPath = "";
			projectRoot = "";
			targets = (
				B52B383C229D7ECB00AD100C /* DecodingHeterogeneousArrays */,
			);
		};
/* End PBXProject section */

/* Begin PBXSourcesBuildPhase section */
		B52B3839229D7ECB00AD100C /* Sources */ = {
			isa = PBXSourcesBuildPhase;
			buildActionMask = 2147483647;
			files = (
				B59E9590229D8F7A0023787C /* ImagePost.swift in Sources */,
				B59E958E229D8F5F0023787C /* TextPost.swift in Sources */,
				B52B3841229D7ECB00AD100C /* main.swift in Sources */,
				B59E958B229D8F300023787C /* Feed.swift in Sources */,
				B59E9589229D87E50023787C /* Post.swift in Sources */,
				B59E9592229D96020023787C /* VideoPost.swift in Sources */,
			);
			runOnlyForDeploymentPostprocessing = 0;
		};
/* End PBXSourcesBuildPhase section */

/* Begin XCBuildConfiguration section */
		B52B3842229D7ECB00AD100C /* Debug */ = {
			isa = XCBuildConfiguration;
			buildSettings = {
				ALWAYS_SEARCH_USER_PATHS = NO;
				CLANG_ANALYZER_NONNULL = YES;
				CLANG_ANALYZER_NUMBER_OBJECT_CONVERSION = YES_AGGRESSIVE;
				CLANG_CXX_LANGUAGE_STANDARD = "gnu++14";
				CLANG_CXX_LIBRARY = "libc++";
				CLANG_ENABLE_MODULES = YES;
				CLANG_ENABLE_OBJC_ARC = YES;
				CLANG_ENABLE_OBJC_WEAK = YES;
				CLANG_WARN_BLOCK_CAPTURE_AUTORELEASING = YES;
				CLANG_WARN_BOOL_CONVERSION = YES;
				CLANG_WARN_COMMA = YES;
				CLANG_WARN_CONSTANT_CONVERSION = YES;
				CLANG_WARN_DEPRECATED_OBJC_IMPLEMENTATIONS = YES;
				CLANG_WARN_DIRECT_OBJC_ISA_USAGE = YES_ERROR;
				CLANG_WARN_DOCUMENTATION_COMMENTS = YES;
				CLANG_WARN_EMPTY_BODY = YES;
				CLANG_WARN_ENUM_CONVERSION = YES;
				CLANG_WARN_INFINITE_RECURSION = YES;
				CLANG_WARN_INT_CONVERSION = YES;
				CLANG_WARN_NON_LITERAL_NULL_CONVERSION = YES;
				CLANG_WARN_OBJC_IMPLICIT_RETAIN_SELF = YES;
				CLANG_WARN_OBJC_LITERAL_CONVERSION = YES;
				CLANG_WARN_OBJC_ROOT_CLASS = YES_ERROR;
				CLANG_WARN_RANGE_LOOP_ANALYSIS = YES;
				CLANG_WARN_STRICT_PROTOTYPES = YES;
				CLANG_WARN_SUSPICIOUS_MOVE = YES;
				CLANG_WARN_UNGUARDED_AVAILABILITY = YES_AGGRESSIVE;
				CLANG_WARN_UNREACHABLE_CODE = YES;
				CLANG_WARN__DUPLICATE_METHOD_MATCH = YES;
				CODE_SIGN_IDENTITY = "Mac Developer";
				COPY_PHASE_STRIP = NO;
				DEBUG_INFORMATION_FORMAT = dwarf;
				ENABLE_STRICT_OBJC_MSGSEND = YES;
				ENABLE_TESTABILITY = YES;
				GCC_C_LANGUAGE_STANDARD = gnu11;
				GCC_DYNAMIC_NO_PIC = NO;
				GCC_NO_COMMON_BLOCKS = YES;
				GCC_OPTIMIZATION_LEVEL = 0;
				GCC_PREPROCESSOR_DEFINITIONS = (
					"DEBUG=1",
					"$(inherited)",
				);
				GCC_WARN_64_TO_32_BIT_CONVERSION = YES;
				GCC_WARN_ABOUT_RETURN_TYPE = YES_ERROR;
				GCC_WARN_UNDECLARED_SELECTOR = YES;
				GCC_WARN_UNINITIALIZED_AUTOS = YES_AGGRESSIVE;
				GCC_WARN_UNUSED_FUNCTION = YES;
				GCC_WARN_UNUSED_VARIABLE = YES;
				MACOSX_DEPLOYMENT_TARGET = 10.14;
				MTL_ENABLE_DEBUG_INFO = INCLUDE_SOURCE;
				MTL_FAST_MATH = YES;
				ONLY_ACTIVE_ARCH = YES;
				SDKROOT = macosx;
				SWIFT_ACTIVE_COMPILATION_CONDITIONS = DEBUG;
				SWIFT_OPTIMIZATION_LEVEL = "-Onone";
			};
			name = Debug;
		};
		B52B3843229D7ECB00AD100C /* Release */ = {
			isa = XCBuildConfiguration;
			buildSettings = {
				ALWAYS_SEARCH_USER_PATHS = NO;
				CLANG_ANALYZER_NONNULL = YES;
				CLANG_ANALYZER_NUMBER_OBJECT_CONVERSION = YES_AGGRESSIVE;
				CLANG_CXX_LANGUAGE_STANDARD = "gnu++14";
				CLANG_CXX_LIBRARY = "libc++";
				CLANG_ENABLE_MODULES = YES;
				CLANG_ENABLE_OBJC_ARC = YES;
				CLANG_ENABLE_OBJC_WEAK = YES;
				CLANG_WARN_BLOCK_CAPTURE_AUTORELEASING = YES;
				CLANG_WARN_BOOL_CONVERSION = YES;
				CLANG_WARN_COMMA = YES;
				CLANG_WARN_CONSTANT_CONVERSION = YES;
				CLANG_WARN_DEPRECATED_OBJC_IMPLEMENTATIONS = YES;
				CLANG_WARN_DIRECT_OBJC_ISA_USAGE = YES_ERROR;
				CLANG_WARN_DOCUMENTATION_COMMENTS = YES;
				CLANG_WARN_EMPTY_BODY = YES;
				CLANG_WARN_ENUM_CONVERSION = YES;
				CLANG_WARN_INFINITE_RECURSION = YES;
				CLANG_WARN_INT_CONVERSION = YES;
				CLANG_WARN_NON_LITERAL_NULL_CONVERSION = YES;
				CLANG_WARN_OBJC_IMPLICIT_RETAIN_SELF = YES;
				CLANG_WARN_OBJC_LITERAL_CONVERSION = YES;
				CLANG_WARN_OBJC_ROOT_CLASS = YES_ERROR;
				CLANG_WARN_RANGE_LOOP_ANALYSIS = YES;
				CLANG_WARN_STRICT_PROTOTYPES = YES;
				CLANG_WARN_SUSPICIOUS_MOVE = YES;
				CLANG_WARN_UNGUARDED_AVAILABILITY = YES_AGGRESSIVE;
				CLANG_WARN_UNREACHABLE_CODE = YES;
				CLANG_WARN__DUPLICATE_METHOD_MATCH = YES;
				CODE_SIGN_IDENTITY = "Mac Developer";
				COPY_PHASE_STRIP = NO;
				DEBUG_INFORMATION_FORMAT = "dwarf-with-dsym";
				ENABLE_NS_ASSERTIONS = NO;
				ENABLE_STRICT_OBJC_MSGSEND = YES;
				GCC_C_LANGUAGE_STANDARD = gnu11;
				GCC_NO_COMMON_BLOCKS = YES;
				GCC_WARN_64_TO_32_BIT_CONVERSION = YES;
				GCC_WARN_ABOUT_RETURN_TYPE = YES_ERROR;
				GCC_WARN_UNDECLARED_SELECTOR = YES;
				GCC_WARN_UNINITIALIZED_AUTOS = YES_AGGRESSIVE;
				GCC_WARN_UNUSED_FUNCTION = YES;
				GCC_WARN_UNUSED_VARIABLE = YES;
				MACOSX_DEPLOYMENT_TARGET = 10.14;
				MTL_ENABLE_DEBUG_INFO = NO;
				MTL_FAST_MATH = YES;
				SDKROOT = macosx;
				SWIFT_COMPILATION_MODE = wholemodule;
				SWIFT_OPTIMIZATION_LEVEL = "-O";
			};
			name = Release;
		};
		B52B3845229D7ECB00AD100C /* Debug */ = {
			isa = XCBuildConfiguration;
			buildSettings = {
				CODE_SIGN_STYLE = Automatic;
				DEVELOPMENT_TEAM = C2K3864N2N;
				PRODUCT_NAME = "$(TARGET_NAME)";
				SWIFT_VERSION = 5.0;
			};
			name = Debug;
		};
		B52B3846229D7ECB00AD100C /* Release */ = {
			isa = XCBuildConfiguration;
			buildSettings = {
				CODE_SIGN_STYLE = Automatic;
				DEVELOPMENT_TEAM = C2K3864N2N;
				PRODUCT_NAME = "$(TARGET_NAME)";
				SWIFT_VERSION = 5.0;
			};
			name = Release;
		};
/* End XCBuildConfiguration section */

/* Begin XCConfigurationList section */
		B52B3838229D7ECB00AD100C /* Build configuration list for PBXProject "DecodingHeterogeneousArrays" */ = {
			isa = XCConfigurationList;
			buildConfigurations = (
				B52B3842229D7ECB00AD100C /* Debug */,
				B52B3843229D7ECB00AD100C /* Release */,
			);
			defaultConfigurationIsVisible = 0;
			defaultConfigurationName = Release;
		};
		B52B3844229D7ECB00AD100C /* Build configuration list for PBXNativeTarget "DecodingHeterogeneousArrays" */ = {
			isa = XCConfigurationList;
			buildConfigurations = (
				B52B3845229D7ECB00AD100C /* Debug */,
				B52B3846229D7ECB00AD100C /* Release */,
			);
			defaultConfigurationIsVisible = 0;
			defaultConfigurationName = Release;
		};
/* End XCConfigurationList section */
	};
	rootObject = B52B3835229D7ECB00AD100C /* Project object */;
}
